
Microsoft Visual Studio Solution File, Format Version 12.00
# Visual Studio Version 17
VisualStudioVersion = 17.4.33122.133
MinimumVisualStudioVersion = 10.0.40219.1
Project("{FAE04EC0-301F-11D3-BF4B-00C04F79EFBC}") = "MercuriusAalstWebsite", "MercuriusAalstWebsite\MercuriusAalstWebsite.csproj", "{907C0ADB-F3E8-46CA-B31C-6913014F3069}"
EndProject
Global
	GlobalSection(SolutionConfigurationPlatforms) = preSolution
		Debug|Any CPU = Debug|Any CPU
		Release|Any CPU = Release|Any CPU
	EndGlobalSection
	GlobalSection(ProjectConfigurationPlatforms) = postSolution
		{907C0ADB-F3E8-46CA-B31C-6913014F3069}.Debug|Any CPU.ActiveCfg = Debug|Any CPU
		{907C0ADB-F3E8-46CA-B31C-6913014F3069}.Debug|Any CPU.Build.0 = Debug|Any CPU
		{907C0ADB-F3E8-46CA-B31C-6913014F3069}.Release|Any CPU.ActiveCfg = Release|Any CPU
		{907C0ADB-F3E8-46CA-B31C-6913014F3069}.Release|Any CPU.Build.0 = Release|Any CPU
	EndGlobalSection
	GlobalSection(SolutionProperties) = preSolution
		HideSolutionNode = FALSE
	EndGlobalSection
	GlobalSection(ExtensibilityGlobals) = postSolution
		SolutionGuid = {DCADB85C-9772-494E-A31A-76B796B1048E}
	EndGlobalSection
EndGlobal
